// !$*UTF8*$!
{
	archiveVersion = 1;
	classes = {
	};
	objectVersion = 50;
	objects = {

/* Begin PBXBuildFile section */
		C2D5116D24B8C13D00FB2A3A /* AppDelegate.swift in Sources */ = {isa = PBXBuildFile; fileRef = C2D5116C24B8C13D00FB2A3A /* AppDelegate.swift */; };
		C2D5116F24B8C13D00FB2A3A /* SceneDelegate.swift in Sources */ = {isa = PBXBuildFile; fileRef = C2D5116E24B8C13D00FB2A3A /* SceneDelegate.swift */; };
		C2D5117124B8C13D00FB2A3A /* ContentView.swift in Sources */ = {isa = PBXBuildFile; fileRef = C2D5117024B8C13D00FB2A3A /* ContentView.swift */; };
		C2D5117324B8C13D00FB2A3A /* Assets.xcassets in Resources */ = {isa = PBXBuildFile; fileRef = C2D5117224B8C13D00FB2A3A /* Assets.xcassets */; };
		C2D5117624B8C13D00FB2A3A /* Preview Assets.xcassets in Resources */ = {isa = PBXBuildFile; fileRef = C2D5117524B8C13D00FB2A3A /* Preview Assets.xcassets */; };
		C2D5117924B8C13D00FB2A3A /* LaunchScreen.storyboard in Resources */ = {isa = PBXBuildFile; fileRef = C2D5117724B8C13D00FB2A3A /* LaunchScreen.storyboard */; };
/* End PBXBuildFile section */

/* Begin PBXFileReference section */
		C2D5116924B8C13D00FB2A3A /* gradients.app */ = {isa = PBXFileReference; explicitFileType = wrapper.application; includeInIndex = 0; path = gradients.app; sourceTree = BUILT_PRODUCTS_DIR; };
		C2D5116C24B8C13D00FB2A3A /* AppDelegate.swift */ = {isa = PBXFileReference; lastKnownFileType = sourcecode.swift; path = AppDelegate.swift; sourceTree = "<group>"; };
		C2D5116E24B8C13D00FB2A3A /* SceneDelegate.swift */ = {isa = PBXFileReference; lastKnownFileType = sourcecode.swift; path = SceneDelegate.swift; sourceTree = "<group>"; };
		C2D5117024B8C13D00FB2A3A /* ContentView.swift */ = {isa = PBXFileReference; lastKnownFileType = sourcecode.swift; path = ContentView.swift; sourceTree = "<group>"; };
		C2D5117224B8C13D00FB2A3A /* Assets.xcassets */ = {isa = PBXFileReference; lastKnownFileType = folder.assetcatalog; path = Assets.xcassets; sourceTree = "<group>"; };
		C2D5117524B8C13D00FB2A3A /* Preview Assets.xcassets */ = {isa = PBXFileReference; lastKnownFileType = folder.assetcatalog; path = "Preview Assets.xcassets"; sourceTree = "<group>"; };
		C2D5117824B8C13D00FB2A3A /* Base */ = {isa = PBXFileReference; lastKnownFileType = file.storyboard; name = Base; path = Base.lproj/LaunchScreen.storyboard; sourceTree = "<group>"; };
		C2D5117A24B8C13D00FB2A3A /* Info.plist */ = {isa = PBXFileReference; lastKnownFileType = text.plist.xml; path = Info.plist; sourceTree = "<group>"; };
/* End PBXFileReference section */

/* Begin PBXFrameworksBuildPhase section */
		C2D5116624B8C13D00FB2A3A /* Frameworks */ = {
			isa = PBXFrameworksBuildPhase;
			buildActionMask = 2147483647;
			files = (
			);
			runOnlyForDeploymentPostprocessing = 0;
		};
/* End PBXFrameworksBuildPhase section */

/* Begin PBXGroup section */
		C2D5116024B8C13D00FB2A3A = {
			isa = PBXGroup;
			children = (
				C2D5116B24B8C13D00FB2A3A /* gradients */,
				C2D5116A24B8C13D00FB2A3A /* Products */,
			);
			sourceTree = "<group>";
		};
		C2D5116A24B8C13D00FB2A3A /* Products */ = {
			isa = PBXGroup;
			children = (
				C2D5116924B8C13D00FB2A3A /* gradients.app */,
			);
			name = Products;
			sourceTree = "<group>";
		};
		C2D5116B24B8C13D00FB2A3A /* gradients */ = {
			isa = PBXGroup;
			children = (
				C2D5116C24B8C13D00FB2A3A /* AppDelegate.swift */,
				C2D5116E24B8C13D00FB2A3A /* SceneDelegate.swift */,
				C2D5117024B8C13D00FB2A3A /* ContentView.swift */,
				C2D5117224B8C13D00FB2A3A /* Assets.xcassets */,
				C2D5117724B8C13D00FB2A3A /* LaunchScreen.storyboard */,
				C2D5117A24B8C13D00FB2A3A /* Info.plist */,
				C2D5117424B8C13D00FB2A3A /* Preview Content */,
			);
			path = gradients;
			sourceTree = "<group>";
		};
		C2D5117424B8C13D00FB2A3A /* Preview Content */ = {
			isa = PBXGroup;
			children = (
				C2D5117524B8C13D00FB2A3A /* Preview Assets.xcassets */,
			);
			path = "Preview Content";
			sourceTree = "<group>";
		};
/* End PBXGroup section */

/* Begin PBXNativeTarget section */
		C2D5116824B8C13D00FB2A3A /* gradients */ = {
			isa = PBXNativeTarget;
			buildConfigurationList = C2D5117D24B8C13D00FB2A3A /* Build configuration list for PBXNativeTarget "gradients" */;
			buildPhases = (
				C2D5116524B8C13D00FB2A3A /* Sources */,
				C2D5116624B8C13D00FB2A3A /* Frameworks */,
				C2D5116724B8C13D00FB2A3A /* Resources */,
			);
			buildRules = (
			);
			dependencies = (
			);
			name = gradients;
			productName = gradients;
			productReference = C2D5116924B8C13D00FB2A3A /* gradients.app */;
			productType = "com.apple.product-type.application";
		};
/* End PBXNativeTarget section */

/* Begin PBXProject section */
		C2D5116124B8C13D00FB2A3A /* Project object */ = {
			isa = PBXProject;
			attributes = {
				LastSwiftUpdateCheck = 1150;
				LastUpgradeCheck = 1150;
				ORGANIZATIONNAME = test;
				TargetAttributes = {
					C2D5116824B8C13D00FB2A3A = {
						CreatedOnToolsVersion = 11.5;
					};
				};
			};
			buildConfigurationList = C2D5116424B8C13D00FB2A3A /* Build configuration list for PBXProject "gradients" */;
			compatibilityVersion = "Xcode 9.3";
			developmentRegion = en;
			hasScannedForEncodings = 0;
			knownRegions = (
				en,
				Base,
			);
			mainGroup = C2D5116024B8C13D00FB2A3A;
			productRefGroup = C2D5116A24B8C13D00FB2A3A /* Products */;
			projectDirPath = "";
			projectRoot = "";
			targets = (
				C2D5116824B8C13D00FB2A3A /* gradients */,
			);
		};
/* End PBXProject section */

/* Begin PBXResourcesBuildPhase section */
		C2D5116724B8C13D00FB2A3A /* Resources */ = {
			isa = PBXResourcesBuildPhase;
			buildActionMask = 2147483647;
			files = (
				C2D5117924B8C13D00FB2A3A /* LaunchScreen.storyboard in Resources */,
				C2D5117624B8C13D00FB2A3A /* Preview Assets.xcassets in Resources */,
				C2D5117324B8C13D00FB2A3A /* Assets.xcassets in Resources */,
			);
			runOnlyForDeploymentPostprocessing = 0;
		};
/* End PBXResourcesBuildPhase section */

/* Begin PBXSourcesBuildPhase section */
		C2D5116524B8C13D00FB2A3A /* Sources */ = {
			isa = PBXSourcesBuildPhase;
			buildActionMask = 2147483647;
			files = (
				C2D5116D24B8C13D00FB2A3A /* AppDelegate.swift in Sources */,
				C2D5116F24B8C13D00FB2A3A /* SceneDelegate.swift in Sources */,
				C2D5117124B8C13D00FB2A3A /* ContentView.swift in Sources */,
			);
			runOnlyForDeploymentPostprocessing = 0;
		};
/* End PBXSourcesBuildPhase section */

/* Begin PBXVariantGroup section */
		C2D5117724B8C13D00FB2A3A /* LaunchScreen.storyboard */ = {
			isa = PBXVariantGroup;
			children = (
				C2D5117824B8C13D00FB2A3A /* Base */,
			);
			name = LaunchScreen.storyboard;
			sourceTree = "<group>";
		};
/* End PBXVariantGroup section */

/* Begin XCBuildConfiguration section */
		C2D5117B24B8C13D00FB2A3A /* Debug */ = {
			isa = XCBuildConfiguration;
			buildSettings = {
				ALWAYS_SEARCH_USER_PATHS = NO;
				CLANG_ANALYZER_NONNULL = YES;
				CLANG_ANALYZER_NUMBER_OBJECT_CONVERSION = YES_AGGRESSIVE;
				CLANG_CXX_LANGUAGE_STANDARD = "gnu++14";
				CLANG_CXX_LIBRARY = "libc++";
				CLANG_ENABLE_MODULES = YES;
				CLANG_ENABLE_OBJC_ARC = YES;
				CLANG_ENABLE_OBJC_WEAK = YES;
				CLANG_WARN_BLOCK_CAPTURE_AUTORELEASING = YES;
				CLANG_WARN_BOOL_CONVERSION = YES;
				CLANG_WARN_COMMA = YES;
				CLANG_WARN_CONSTANT_CONVERSION = YES;
				CLANG_WARN_DEPRECATED_OBJC_IMPLEMENTATIONS = YES;
				CLANG_WARN_DIRECT_OBJC_ISA_USAGE = YES_ERROR;
				CLANG_WARN_DOCUMENTATION_COMMENTS = YES;
				CLANG_WARN_EMPTY_BODY = YES;
				CLANG_WARN_ENUM_CONVERSION = YES;
				CLANG_WARN_INFINITE_RECURSION = YES;
				CLANG_WARN_INT_CONVERSION = YES;
				CLANG_WARN_NON_LITERAL_NULL_CONVERSION = YES;
				CLANG_WARN_OBJC_IMPLICIT_RETAIN_SELF = YES;
				CLANG_WARN_OBJC_LITERAL_CONVERSION = YES;
				CLANG_WARN_OBJC_ROOT_CLASS = YES_ERROR;
				CLANG_WARN_RANGE_LOOP_ANALYSIS = YES;
				CLANG_WARN_STRICT_PROTOTYPES = YES;
				CLANG_WARN_SUSPICIOUS_MOVE = YES;
				CLANG_WARN_UNGUARDED_AVAILABILITY = YES_AGGRESSIVE;
				CLANG_WARN_UNREACHABLE_CODE = YES;
				CLANG_WARN__DUPLICATE_METHOD_MATCH = YES;
				COPY_PHASE_STRIP = NO;
				DEBUG_INFORMATION_FORMAT = dwarf;
				ENABLE_STRICT_OBJC_MSGSEND = YES;
				ENABLE_TESTABILITY = YES;
				GCC_C_LANGUAGE_STANDARD = gnu11;
				GCC_DYNAMIC_NO_PIC = NO;
				GCC_NO_COMMON_BLOCKS = YES;
				GCC_OPTIMIZATION_LEVEL = 0;
				GCC_PREPROCESSOR_DEFINITIONS = (
					"DEBUG=1",
					"$(inherited)",
				);
				GCC_WARN_64_TO_32_BIT_CONVERSION = YES;
				GCC_WARN_ABOUT_RETURN_TYPE = YES_ERROR;
				GCC_WARN_UNDECLARED_SELECTOR = YES;
				GCC_WARN_UNINITIALIZED_AUTOS = YES_AGGRESSIVE;
				GCC_WARN_UNUSED_FUNCTION = YES;
				GCC_WARN_UNUSED_VARIABLE = YES;
				IPHONEOS_DEPLOYMENT_TARGET = 13.5;
				MTL_ENABLE_DEBUG_INFO = INCLUDE_SOURCE;
				MTL_FAST_MATH = YES;
				ONLY_ACTIVE_ARCH = YES;
				SDKROOT = iphoneos;
				SWIFT_ACTIVE_COMPILATION_CONDITIONS = DEBUG;
				SWIFT_OPTIMIZATION_LEVEL = "-Onone";
			};
			name = Debug;
		};
		C2D5117C24B8C13D00FB2A3A /* Release */ = {
			isa = XCBuildConfiguration;
			buildSettings = {
				ALWAYS_SEARCH_USER_PATHS = NO;
				CLANG_ANALYZER_NONNULL = YES;
				CLANG_ANALYZER_NUMBER_OBJECT_CONVERSION = YES_AGGRESSIVE;
				CLANG_CXX_LANGUAGE_STANDARD = "gnu++14";
				CLANG_CXX_LIBRARY = "libc++";
				CLANG_ENABLE_MODULES = YES;
				CLANG_ENABLE_OBJC_ARC = YES;
				CLANG_ENABLE_OBJC_WEAK = YES;
				CLANG_WARN_BLOCK_CAPTURE_AUTORELEASING = YES;
				CLANG_WARN_BOOL_CONVERSION = YES;
				CLANG_WARN_COMMA = YES;
				CLANG_WARN_CONSTANT_CONVERSION = YES;
				CLANG_WARN_DEPRECATED_OBJC_IMPLEMENTATIONS = YES;
				CLANG_WARN_DIRECT_OBJC_ISA_USAGE = YES_ERROR;
				CLANG_WARN_DOCUMENTATION_COMMENTS = YES;
				CLANG_WARN_EMPTY_BODY = YES;
				CLANG_WARN_ENUM_CONVERSION = YES;
				CLANG_WARN_INFINITE_RECURSION = YES;
				CLANG_WARN_INT_CONVERSION = YES;
				CLANG_WARN_NON_LITERAL_NULL_CONVERSION = YES;
				CLANG_WARN_OBJC_IMPLICIT_RETAIN_SELF = YES;
				CLANG_WARN_OBJC_LITERAL_CONVERSION = YES;
				CLANG_WARN_OBJC_ROOT_CLASS = YES_ERROR;
				CLANG_WARN_RANGE_LOOP_ANALYSIS = YES;
				CLANG_WARN_STRICT_PROTOTYPES = YES;
				CLANG_WARN_SUSPICIOUS_MOVE = YES;
				CLANG_WARN_UNGUARDED_AVAILABILITY = YES_AGGRESSIVE;
				CLANG_WARN_UNREACHABLE_CODE = YES;
				CLANG_WARN__DUPLICATE_METHOD_MATCH = YES;
				COPY_PHASE_STRIP = NO;
				DEBUG_INFORMATION_FORMAT = "dwarf-with-dsym";
				ENABLE_NS_ASSERTIONS = NO;
				ENABLE_STRICT_OBJC_MSGSEND = YES;
				GCC_C_LANGUAGE_STANDARD = gnu11;
				GCC_NO_COMMON_BLOCKS = YES;
				GCC_WARN_64_TO_32_BIT_CONVERSION = YES;
				GCC_WARN_ABOUT_RETURN_TYPE = YES_ERROR;
				GCC_WARN_UNDECLARED_SELECTOR = YES;
				GCC_WARN_UNINITIALIZED_AUTOS = YES_AGGRESSIVE;
				GCC_WARN_UNUSED_FUNCTION = YES;
				GCC_WARN_UNUSED_VARIABLE = YES;
				IPHONEOS_DEPLOYMENT_TARGET = 13.5;
				MTL_ENABLE_DEBUG_INFO = NO;
				MTL_FAST_MATH = YES;
				SDKROOT = iphoneos;
				SWIFT_COMPILATION_MODE = wholemodule;
				SWIFT_OPTIMIZATION_LEVEL = "-O";
				VALIDATE_PRODUCT = YES;
			};
			name = Release;
		};
		C2D5117E24B8C13D00FB2A3A /* Debug */ = {
			isa = XCBuildConfiguration;
			buildSettings = {
				ASSETCATALOG_COMPILER_APPICON_NAME = AppIcon;
				CODE_SIGN_STYLE = Automatic;
				DEVELOPMENT_ASSET_PATHS = "\"gradients/Preview Content\"";
				ENABLE_PREVIEWS = YES;
				INFOPLIST_FILE = gradients/Info.plist;
				LD_RUNPATH_SEARCH_PATHS = (
					"$(inherited)",
					"@executable_path/Frameworks",
				);
				PRODUCT_BUNDLE_IDENTIFIER = com.test.testabc314.gradients;
				PRODUCT_NAME = "$(TARGET_NAME)";
				SWIFT_VERSION = 5.0;
				TARGETED_DEVICE_FAMILY = "1,2";
			};
			name = Debug;
		};
		C2D5117F24B8C13D00FB2A3A /* Release */ = {
			isa = XCBuildConfiguration;
			buildSettings = {
				ASSETCATALOG_COMPILER_APPICON_NAME = AppIcon;
				CODE_SIGN_STYLE = Automatic;
				DEVELOPMENT_ASSET_PATHS = "\"gradients/Preview Content\"";
				ENABLE_PREVIEWS = YES;
				INFOPLIST_FILE = gradients/Info.plist;
				LD_RUNPATH_SEARCH_PATHS = (
					"$(inherited)",
					"@executable_path/Frameworks",
				);
				PRODUCT_BUNDLE_IDENTIFIER = com.test.testabc314.gradients;
				PRODUCT_NAME = "$(TARGET_NAME)";
				SWIFT_VERSION = 5.0;
				TARGETED_DEVICE_FAMILY = "1,2";
			};
			name = Release;
		};
/* End XCBuildConfiguration section */

/* Begin XCConfigurationList section */
		C2D5116424B8C13D00FB2A3A /* Build configuration list for PBXProject "gradients" */ = {
			isa = XCConfigurationList;
			buildConfigurations = (
				C2D5117B24B8C13D00FB2A3A /* Debug */,
				C2D5117C24B8C13D00FB2A3A /* Release */,
			);
			defaultConfigurationIsVisible = 0;
			defaultConfigurationName = Release;
		};
		C2D5117D24B8C13D00FB2A3A /* Build configuration list for PBXNativeTarget "gradients" */ = {
			isa = XCConfigurationList;
			buildConfigurations = (
				C2D5117E24B8C13D00FB2A3A /* Debug */,
				C2D5117F24B8C13D00FB2A3A /* Release */,
			);
			defaultConfigurationIsVisible = 0;
			defaultConfigurationName = Release;
		};
/* End XCConfigurationList section */
	};
	rootObject = C2D5116124B8C13D00FB2A3A /* Project object */;
}
