// !$*UTF8*$!
{
	archiveVersion = 1;
	classes = {
	};
	objectVersion = 50;
	objects = {

/* Begin PBXBuildFile section */
		C2198E7424ED7A3200D0AEE4 /* AppDelegate.swift in Sources */ = {isa = PBXBuildFile; fileRef = C2198E7324ED7A3200D0AEE4 /* AppDelegate.swift */; };
		C2198E7624ED7A3200D0AEE4 /* SceneDelegate.swift in Sources */ = {isa = PBXBuildFile; fileRef = C2198E7524ED7A3200D0AEE4 /* SceneDelegate.swift */; };
		C2198E7824ED7A3200D0AEE4 /* ContentView.swift in Sources */ = {isa = PBXBuildFile; fileRef = C2198E7724ED7A3200D0AEE4 /* ContentView.swift */; };
		C2198E7A24ED7A3300D0AEE4 /* Assets.xcassets in Resources */ = {isa = PBXBuildFile; fileRef = C2198E7924ED7A3300D0AEE4 /* Assets.xcassets */; };
		C2198E7D24ED7A3300D0AEE4 /* Preview Assets.xcassets in Resources */ = {isa = PBXBuildFile; fileRef = C2198E7C24ED7A3300D0AEE4 /* Preview Assets.xcassets */; };
		C2198E8024ED7A3300D0AEE4 /* LaunchScreen.storyboard in Resources */ = {isa = PBXBuildFile; fileRef = C2198E7E24ED7A3300D0AEE4 /* LaunchScreen.storyboard */; };
/* End PBXBuildFile section */

/* Begin PBXFileReference section */
		C2198E7024ED7A3200D0AEE4 /* datePicker.app */ = {isa = PBXFileReference; explicitFileType = wrapper.application; includeInIndex = 0; path = datePicker.app; sourceTree = BUILT_PRODUCTS_DIR; };
		C2198E7324ED7A3200D0AEE4 /* AppDelegate.swift */ = {isa = PBXFileReference; lastKnownFileType = sourcecode.swift; path = AppDelegate.swift; sourceTree = "<group>"; };
		C2198E7524ED7A3200D0AEE4 /* SceneDelegate.swift */ = {isa = PBXFileReference; lastKnownFileType = sourcecode.swift; path = SceneDelegate.swift; sourceTree = "<group>"; };
		C2198E7724ED7A3200D0AEE4 /* ContentView.swift */ = {isa = PBXFileReference; lastKnownFileType = sourcecode.swift; path = ContentView.swift; sourceTree = "<group>"; };
		C2198E7924ED7A3300D0AEE4 /* Assets.xcassets */ = {isa = PBXFileReference; lastKnownFileType = folder.assetcatalog; path = Assets.xcassets; sourceTree = "<group>"; };
		C2198E7C24ED7A3300D0AEE4 /* Preview Assets.xcassets */ = {isa = PBXFileReference; lastKnownFileType = folder.assetcatalog; path = "Preview Assets.xcassets"; sourceTree = "<group>"; };
		C2198E7F24ED7A3300D0AEE4 /* Base */ = {isa = PBXFileReference; lastKnownFileType = file.storyboard; name = Base; path = Base.lproj/LaunchScreen.storyboard; sourceTree = "<group>"; };
		C2198E8124ED7A3300D0AEE4 /* Info.plist */ = {isa = PBXFileReference; lastKnownFileType = text.plist.xml; path = Info.plist; sourceTree = "<group>"; };
/* End PBXFileReference section */

/* Begin PBXFrameworksBuildPhase section */
		C2198E6D24ED7A3200D0AEE4 /* Frameworks */ = {
			isa = PBXFrameworksBuildPhase;
			buildActionMask = 2147483647;
			files = (
			);
			runOnlyForDeploymentPostprocessing = 0;
		};
/* End PBXFrameworksBuildPhase section */

/* Begin PBXGroup section */
		C2198E6724ED7A3200D0AEE4 = {
			isa = PBXGroup;
			children = (
				C2198E7224ED7A3200D0AEE4 /* datePicker */,
				C2198E7124ED7A3200D0AEE4 /* Products */,
			);
			sourceTree = "<group>";
		};
		C2198E7124ED7A3200D0AEE4 /* Products */ = {
			isa = PBXGroup;
			children = (
				C2198E7024ED7A3200D0AEE4 /* datePicker.app */,
			);
			name = Products;
			sourceTree = "<group>";
		};
		C2198E7224ED7A3200D0AEE4 /* datePicker */ = {
			isa = PBXGroup;
			children = (
				C2198E7324ED7A3200D0AEE4 /* AppDelegate.swift */,
				C2198E7524ED7A3200D0AEE4 /* SceneDelegate.swift */,
				C2198E7724ED7A3200D0AEE4 /* ContentView.swift */,
				C2198E7924ED7A3300D0AEE4 /* Assets.xcassets */,
				C2198E7E24ED7A3300D0AEE4 /* LaunchScreen.storyboard */,
				C2198E8124ED7A3300D0AEE4 /* Info.plist */,
				C2198E7B24ED7A3300D0AEE4 /* Preview Content */,
			);
			path = datePicker;
			sourceTree = "<group>";
		};
		C2198E7B24ED7A3300D0AEE4 /* Preview Content */ = {
			isa = PBXGroup;
			children = (
				C2198E7C24ED7A3300D0AEE4 /* Preview Assets.xcassets */,
			);
			path = "Preview Content";
			sourceTree = "<group>";
		};
/* End PBXGroup section */

/* Begin PBXNativeTarget section */
		C2198E6F24ED7A3200D0AEE4 /* datePicker */ = {
			isa = PBXNativeTarget;
			buildConfigurationList = C2198E8424ED7A3300D0AEE4 /* Build configuration list for PBXNativeTarget "datePicker" */;
			buildPhases = (
				C2198E6C24ED7A3200D0AEE4 /* Sources */,
				C2198E6D24ED7A3200D0AEE4 /* Frameworks */,
				C2198E6E24ED7A3200D0AEE4 /* Resources */,
			);
			buildRules = (
			);
			dependencies = (
			);
			name = datePicker;
			productName = datePicker;
			productReference = C2198E7024ED7A3200D0AEE4 /* datePicker.app */;
			productType = "com.apple.product-type.application";
		};
/* End PBXNativeTarget section */

/* Begin PBXProject section */
		C2198E6824ED7A3200D0AEE4 /* Project object */ = {
			isa = PBXProject;
			attributes = {
				LastSwiftUpdateCheck = 1150;
				LastUpgradeCheck = 1150;
				ORGANIZATIONNAME = test;
				TargetAttributes = {
					C2198E6F24ED7A3200D0AEE4 = {
						CreatedOnToolsVersion = 11.5;
					};
				};
			};
			buildConfigurationList = C2198E6B24ED7A3200D0AEE4 /* Build configuration list for PBXProject "datePicker" */;
			compatibilityVersion = "Xcode 9.3";
			developmentRegion = en;
			hasScannedForEncodings = 0;
			knownRegions = (
				en,
				Base,
			);
			mainGroup = C2198E6724ED7A3200D0AEE4;
			productRefGroup = C2198E7124ED7A3200D0AEE4 /* Products */;
			projectDirPath = "";
			projectRoot = "";
			targets = (
				C2198E6F24ED7A3200D0AEE4 /* datePicker */,
			);
		};
/* End PBXProject section */

/* Begin PBXResourcesBuildPhase section */
		C2198E6E24ED7A3200D0AEE4 /* Resources */ = {
			isa = PBXResourcesBuildPhase;
			buildActionMask = 2147483647;
			files = (
				C2198E8024ED7A3300D0AEE4 /* LaunchScreen.storyboard in Resources */,
				C2198E7D24ED7A3300D0AEE4 /* Preview Assets.xcassets in Resources */,
				C2198E7A24ED7A3300D0AEE4 /* Assets.xcassets in Resources */,
			);
			runOnlyForDeploymentPostprocessing = 0;
		};
/* End PBXResourcesBuildPhase section */

/* Begin PBXSourcesBuildPhase section */
		C2198E6C24ED7A3200D0AEE4 /* Sources */ = {
			isa = PBXSourcesBuildPhase;
			buildActionMask = 2147483647;
			files = (
				C2198E7424ED7A3200D0AEE4 /* AppDelegate.swift in Sources */,
				C2198E7624ED7A3200D0AEE4 /* SceneDelegate.swift in Sources */,
				C2198E7824ED7A3200D0AEE4 /* ContentView.swift in Sources */,
			);
			runOnlyForDeploymentPostprocessing = 0;
		};
/* End PBXSourcesBuildPhase section */

/* Begin PBXVariantGroup section */
		C2198E7E24ED7A3300D0AEE4 /* LaunchScreen.storyboard */ = {
			isa = PBXVariantGroup;
			children = (
				C2198E7F24ED7A3300D0AEE4 /* Base */,
			);
			name = LaunchScreen.storyboard;
			sourceTree = "<group>";
		};
/* End PBXVariantGroup section */

/* Begin XCBuildConfiguration section */
		C2198E8224ED7A3300D0AEE4 /* Debug */ = {
			isa = XCBuildConfiguration;
			buildSettings = {
				ALWAYS_SEARCH_USER_PATHS = NO;
				CLANG_ANALYZER_NONNULL = YES;
				CLANG_ANALYZER_NUMBER_OBJECT_CONVERSION = YES_AGGRESSIVE;
				CLANG_CXX_LANGUAGE_STANDARD = "gnu++14";
				CLANG_CXX_LIBRARY = "libc++";
				CLANG_ENABLE_MODULES = YES;
				CLANG_ENABLE_OBJC_ARC = YES;
				CLANG_ENABLE_OBJC_WEAK = YES;
				CLANG_WARN_BLOCK_CAPTURE_AUTORELEASING = YES;
				CLANG_WARN_BOOL_CONVERSION = YES;
				CLANG_WARN_COMMA = YES;
				CLANG_WARN_CONSTANT_CONVERSION = YES;
				CLANG_WARN_DEPRECATED_OBJC_IMPLEMENTATIONS = YES;
				CLANG_WARN_DIRECT_OBJC_ISA_USAGE = YES_ERROR;
				CLANG_WARN_DOCUMENTATION_COMMENTS = YES;
				CLANG_WARN_EMPTY_BODY = YES;
				CLANG_WARN_ENUM_CONVERSION = YES;
				CLANG_WARN_INFINITE_RECURSION = YES;
				CLANG_WARN_INT_CONVERSION = YES;
				CLANG_WARN_NON_LITERAL_NULL_CONVERSION = YES;
				CLANG_WARN_OBJC_IMPLICIT_RETAIN_SELF = YES;
				CLANG_WARN_OBJC_LITERAL_CONVERSION = YES;
				CLANG_WARN_OBJC_ROOT_CLASS = YES_ERROR;
				CLANG_WARN_RANGE_LOOP_ANALYSIS = YES;
				CLANG_WARN_STRICT_PROTOTYPES = YES;
				CLANG_WARN_SUSPICIOUS_MOVE = YES;
				CLANG_WARN_UNGUARDED_AVAILABILITY = YES_AGGRESSIVE;
				CLANG_WARN_UNREACHABLE_CODE = YES;
				CLANG_WARN__DUPLICATE_METHOD_MATCH = YES;
				COPY_PHASE_STRIP = NO;
				DEBUG_INFORMATION_FORMAT = dwarf;
				ENABLE_STRICT_OBJC_MSGSEND = YES;
				ENABLE_TESTABILITY = YES;
				GCC_C_LANGUAGE_STANDARD = gnu11;
				GCC_DYNAMIC_NO_PIC = NO;
				GCC_NO_COMMON_BLOCKS = YES;
				GCC_OPTIMIZATION_LEVEL = 0;
				GCC_PREPROCESSOR_DEFINITIONS = (
					"DEBUG=1",
					"$(inherited)",
				);
				GCC_WARN_64_TO_32_BIT_CONVERSION = YES;
				GCC_WARN_ABOUT_RETURN_TYPE = YES_ERROR;
				GCC_WARN_UNDECLARED_SELECTOR = YES;
				GCC_WARN_UNINITIALIZED_AUTOS = YES_AGGRESSIVE;
				GCC_WARN_UNUSED_FUNCTION = YES;
				GCC_WARN_UNUSED_VARIABLE = YES;
				IPHONEOS_DEPLOYMENT_TARGET = 13.5;
				MTL_ENABLE_DEBUG_INFO = INCLUDE_SOURCE;
				MTL_FAST_MATH = YES;
				ONLY_ACTIVE_ARCH = YES;
				SDKROOT = iphoneos;
				SWIFT_ACTIVE_COMPILATION_CONDITIONS = DEBUG;
				SWIFT_OPTIMIZATION_LEVEL = "-Onone";
			};
			name = Debug;
		};
		C2198E8324ED7A3300D0AEE4 /* Release */ = {
			isa = XCBuildConfiguration;
			buildSettings = {
				ALWAYS_SEARCH_USER_PATHS = NO;
				CLANG_ANALYZER_NONNULL = YES;
				CLANG_ANALYZER_NUMBER_OBJECT_CONVERSION = YES_AGGRESSIVE;
				CLANG_CXX_LANGUAGE_STANDARD = "gnu++14";
				CLANG_CXX_LIBRARY = "libc++";
				CLANG_ENABLE_MODULES = YES;
				CLANG_ENABLE_OBJC_ARC = YES;
				CLANG_ENABLE_OBJC_WEAK = YES;
				CLANG_WARN_BLOCK_CAPTURE_AUTORELEASING = YES;
				CLANG_WARN_BOOL_CONVERSION = YES;
				CLANG_WARN_COMMA = YES;
				CLANG_WARN_CONSTANT_CONVERSION = YES;
				CLANG_WARN_DEPRECATED_OBJC_IMPLEMENTATIONS = YES;
				CLANG_WARN_DIRECT_OBJC_ISA_USAGE = YES_ERROR;
				CLANG_WARN_DOCUMENTATION_COMMENTS = YES;
				CLANG_WARN_EMPTY_BODY = YES;
				CLANG_WARN_ENUM_CONVERSION = YES;
				CLANG_WARN_INFINITE_RECURSION = YES;
				CLANG_WARN_INT_CONVERSION = YES;
				CLANG_WARN_NON_LITERAL_NULL_CONVERSION = YES;
				CLANG_WARN_OBJC_IMPLICIT_RETAIN_SELF = YES;
				CLANG_WARN_OBJC_LITERAL_CONVERSION = YES;
				CLANG_WARN_OBJC_ROOT_CLASS = YES_ERROR;
				CLANG_WARN_RANGE_LOOP_ANALYSIS = YES;
				CLANG_WARN_STRICT_PROTOTYPES = YES;
				CLANG_WARN_SUSPICIOUS_MOVE = YES;
				CLANG_WARN_UNGUARDED_AVAILABILITY = YES_AGGRESSIVE;
				CLANG_WARN_UNREACHABLE_CODE = YES;
				CLANG_WARN__DUPLICATE_METHOD_MATCH = YES;
				COPY_PHASE_STRIP = NO;
				DEBUG_INFORMATION_FORMAT = "dwarf-with-dsym";
				ENABLE_NS_ASSERTIONS = NO;
				ENABLE_STRICT_OBJC_MSGSEND = YES;
				GCC_C_LANGUAGE_STANDARD = gnu11;
				GCC_NO_COMMON_BLOCKS = YES;
				GCC_WARN_64_TO_32_BIT_CONVERSION = YES;
				GCC_WARN_ABOUT_RETURN_TYPE = YES_ERROR;
				GCC_WARN_UNDECLARED_SELECTOR = YES;
				GCC_WARN_UNINITIALIZED_AUTOS = YES_AGGRESSIVE;
				GCC_WARN_UNUSED_FUNCTION = YES;
				GCC_WARN_UNUSED_VARIABLE = YES;
				IPHONEOS_DEPLOYMENT_TARGET = 13.5;
				MTL_ENABLE_DEBUG_INFO = NO;
				MTL_FAST_MATH = YES;
				SDKROOT = iphoneos;
				SWIFT_COMPILATION_MODE = wholemodule;
				SWIFT_OPTIMIZATION_LEVEL = "-O";
				VALIDATE_PRODUCT = YES;
			};
			name = Release;
		};
		C2198E8524ED7A3300D0AEE4 /* Debug */ = {
			isa = XCBuildConfiguration;
			buildSettings = {
				ASSETCATALOG_COMPILER_APPICON_NAME = AppIcon;
				CODE_SIGN_STYLE = Automatic;
				DEVELOPMENT_ASSET_PATHS = "\"datePicker/Preview Content\"";
				ENABLE_PREVIEWS = YES;
				INFOPLIST_FILE = datePicker/Info.plist;
				LD_RUNPATH_SEARCH_PATHS = (
					"$(inherited)",
					"@executable_path/Frameworks",
				);
				PRODUCT_BUNDLE_IDENTIFIER = com.test.testabc314.datePicker;
				PRODUCT_NAME = "$(TARGET_NAME)";
				SWIFT_VERSION = 5.0;
				TARGETED_DEVICE_FAMILY = "1,2";
			};
			name = Debug;
		};
		C2198E8624ED7A3300D0AEE4 /* Release */ = {
			isa = XCBuildConfiguration;
			buildSettings = {
				ASSETCATALOG_COMPILER_APPICON_NAME = AppIcon;
				CODE_SIGN_STYLE = Automatic;
				DEVELOPMENT_ASSET_PATHS = "\"datePicker/Preview Content\"";
				ENABLE_PREVIEWS = YES;
				INFOPLIST_FILE = datePicker/Info.plist;
				LD_RUNPATH_SEARCH_PATHS = (
					"$(inherited)",
					"@executable_path/Frameworks",
				);
				PRODUCT_BUNDLE_IDENTIFIER = com.test.testabc314.datePicker;
				PRODUCT_NAME = "$(TARGET_NAME)";
				SWIFT_VERSION = 5.0;
				TARGETED_DEVICE_FAMILY = "1,2";
			};
			name = Release;
		};
/* End XCBuildConfiguration section */

/* Begin XCConfigurationList section */
		C2198E6B24ED7A3200D0AEE4 /* Build configuration list for PBXProject "datePicker" */ = {
			isa = XCConfigurationList;
			buildConfigurations = (
				C2198E8224ED7A3300D0AEE4 /* Debug */,
				C2198E8324ED7A3300D0AEE4 /* Release */,
			);
			defaultConfigurationIsVisible = 0;
			defaultConfigurationName = Release;
		};
		C2198E8424ED7A3300D0AEE4 /* Build configuration list for PBXNativeTarget "datePicker" */ = {
			isa = XCConfigurationList;
			buildConfigurations = (
				C2198E8524ED7A3300D0AEE4 /* Debug */,
				C2198E8624ED7A3300D0AEE4 /* Release */,
			);
			defaultConfigurationIsVisible = 0;
			defaultConfigurationName = Release;
		};
/* End XCConfigurationList section */
	};
	rootObject = C2198E6824ED7A3200D0AEE4 /* Project object */;
}
